
Microsoft Visual Studio Solution File, Format Version 12.00
# Visual Studio Version 16
VisualStudioVersion = 16.0.30320.27
MinimumVisualStudioVersion = 10.0.40219.1
Project("{FAE04EC0-301F-11D3-BF4B-00C04F79EFBC}") = "RebootPrompt", "RebootPrompt\RebootPrompt.csproj", "{DE5C926F-F7D8-4299-AD2A-82204650AE7A}"
EndProject
Global
	GlobalSection(SolutionConfigurationPlatforms) = preSolution
		Debug|Any CPU = Debug|Any CPU
		Release|Any CPU = Release|Any CPU
	EndGlobalSection
	GlobalSection(ProjectConfigurationPlatforms) = postSolution
		{DE5C926F-F7D8-4299-AD2A-82204650AE7A}.Debug|Any CPU.ActiveCfg = Debug|Any CPU
		{DE5C926F-F7D8-4299-AD2A-82204650AE7A}.Debug|Any CPU.Build.0 = Debug|Any CPU
		{DE5C926F-F7D8-4299-AD2A-82204650AE7A}.Release|Any CPU.ActiveCfg = Release|Any CPU
		{DE5C926F-F7D8-4299-AD2A-82204650AE7A}.Release|Any CPU.Build.0 = Release|Any CPU
	EndGlobalSection
	GlobalSection(SolutionProperties) = preSolution
		HideSolutionNode = FALSE
	EndGlobalSection
	GlobalSection(ExtensibilityGlobals) = postSolution
		SolutionGuid = {1261D20F-30AF-4CD7-A8EE-FAD3BACCD11E}
	EndGlobalSection
EndGlobal
